
Microsoft Visual Studio Solution File, Format Version 12.00
Project("{FAE04EC0-301F-11D3-BF4B-00C04F79EFBC}") = "P3_WebApp", "P3_WebApp\P3_WebApp.csproj", "{F45BDAB3-9AE1-4499-9D9C-7CA684D1A575}"
EndProject
Global
	GlobalSection(SolutionConfigurationPlatforms) = preSolution
		Debug|Any CPU = Debug|Any CPU
		Release|Any CPU = Release|Any CPU
	EndGlobalSection
	GlobalSection(ProjectConfigurationPlatforms) = postSolution
		{F45BDAB3-9AE1-4499-9D9C-7CA684D1A575}.Debug|Any CPU.ActiveCfg = Debug|Any CPU
		{F45BDAB3-9AE1-4499-9D9C-7CA684D1A575}.Debug|Any CPU.Build.0 = Debug|Any CPU
		{F45BDAB3-9AE1-4499-9D9C-7CA684D1A575}.Release|Any CPU.ActiveCfg = Release|Any CPU
		{F45BDAB3-9AE1-4499-9D9C-7CA684D1A575}.Release|Any CPU.Build.0 = Release|Any CPU
	EndGlobalSection
EndGlobal
